
Microsoft Visual Studio Solution File, Format Version 12.00
# Visual Studio 2012
Project("{FAE04EC0-301F-11D3-BF4B-00C04F79EFBC}") = "DataBindingIntro", "DataBindingIntro\DataBindingIntro.csproj", "{79B17234-95C3-446C-8895-D1DC4B460A9C}"
EndProject
Global
	GlobalSection(SolutionConfigurationPlatforms) = preSolution
		Debug|Any CPU = Debug|Any CPU
		Release|Any CPU = Release|Any CPU
	EndGlobalSection
	GlobalSection(ProjectConfigurationPlatforms) = postSolution
		{79B17234-95C3-446C-8895-D1DC4B460A9C}.Debug|Any CPU.ActiveCfg = Debug|Any CPU
		{79B17234-95C3-446C-8895-D1DC4B460A9C}.Debug|Any CPU.Build.0 = Debug|Any CPU
		{79B17234-95C3-446C-8895-D1DC4B460A9C}.Release|Any CPU.ActiveCfg = Release|Any CPU
		{79B17234-95C3-446C-8895-D1DC4B460A9C}.Release|Any CPU.Build.0 = Release|Any CPU
	EndGlobalSection
	GlobalSection(SolutionProperties) = preSolution
		HideSolutionNode = FALSE
	EndGlobalSection
EndGlobal
